version = 1
requires-python = ">=3.12"

[[package]]
name = "mysql-connector-python"
version = "9.2.0"
source = { registry = "https://pypi.org/simple" }
wheels = [
    { url = "https://files.pythonhosted.org/packages/74/b9/c29682db58fb08a22e623f1eeed12fe2743459d4928ed9d248a4f6fcda7f/mysql_connector_python-9.2.0-cp312-cp312-macosx_14_0_arm64.whl", hash = "sha256:03fe54ca19c2dffa8f04ca0601a1217b126ff8306c76a9b2b4e555f8fbbd2178", size = 15149615 },
    { url = "https://files.pythonhosted.org/packages/d4/b9/3ae12be2fbf9650658e2db429245dd35514933b2972320eff311478fe234/mysql_connector_python-9.2.0-cp312-cp312-macosx_14_0_x86_64.whl", hash = "sha256:b13b136c188363e18f9b3f6237a0e6eba8601df259ab0f8687cd689f433a391b", size = 15968207 },
    { url = "https://files.pythonhosted.org/packages/a3/26/ee7792df84193341755115e11ad02252b15bcc1f2c991ae06e04454e3b28/mysql_connector_python-9.2.0-cp312-cp312-manylinux_2_28_aarch64.whl", hash = "sha256:e8338a9babe6c67287080ec9f6a0fc245de24841bc532ef97dfd1f93caf4668b", size = 33555687 },
    { url = "https://files.pythonhosted.org/packages/a3/4f/33afe9e1fd556d935986aad17c74416555607a6686b0bb3d20a9be192828/mysql_connector_python-9.2.0-cp312-cp312-manylinux_2_28_x86_64.whl", hash = "sha256:92ef9e5a37b25978a261b5a14fcfa0cf51cd96168dec4a52657bbfc1e1cb7d9a", size = 33954061 },
    { url = "https://files.pythonhosted.org/packages/5c/48/aa1d3e1dd2fa0fece0581d49c6d10717e18fc86dde493114f3894a3371bd/mysql_connector_python-9.2.0-cp312-cp312-win_amd64.whl", hash = "sha256:b7d149bcc455cf606a4aa604d45267fba16c8abf36056b804f8d16e8f5e753c1", size = 16096342 },
    { url = "https://files.pythonhosted.org/packages/2c/3c/ac29cab6a7bcabcda392a3b4762d19e1e7a1656ee78d0b8bd307a57471a6/mysql_connector_python-9.2.0-cp313-cp313-macosx_14_0_arm64.whl", hash = "sha256:417c538dfd64e6d415280067f4d7ce3f901ce85c548e609247a794d205769276", size = 15149659 },
    { url = "https://files.pythonhosted.org/packages/22/c0/77d7418d78e8017b720a2f610fe9113668d7e75922686c36b35b7ace7780/mysql_connector_python-9.2.0-cp313-cp313-macosx_14_0_x86_64.whl", hash = "sha256:4d97485eb3f63ab26f6438570c4a392bb1f53c3ad9dca1bfd8b61b5ec1bba690", size = 15968172 },
    { url = "https://files.pythonhosted.org/packages/65/05/ff9b5c4cd58d1a2b64f55b4ca5a7ac3fca23a3adcac7e692fded4991f8d9/mysql_connector_python-9.2.0-cp313-cp313-manylinux_2_28_aarch64.whl", hash = "sha256:c2e973bcc6eab68e41e01438b706788e3f47b0b4d6a17fcb74583f7e0b990c5f", size = 33556035 },
    { url = "https://files.pythonhosted.org/packages/11/fe/53f358b947997c6352642011d7f256e7fe8fec6f0badbda4aefad37d30e5/mysql_connector_python-9.2.0-cp313-cp313-manylinux_2_28_x86_64.whl", hash = "sha256:2238ba121a30dd3a23d33ce3437642e38a1d4b86afaf7a487cdb0d7727db2010", size = 33954322 },
    { url = "https://files.pythonhosted.org/packages/22/4b/4f5462a81d046bb54bbb62ffbcea654e78f3ae2a64eb24a14c2872c4d75e/mysql_connector_python-9.2.0-cp313-cp313-win_amd64.whl", hash = "sha256:6557942f6c6be3b41d2965456b53a244a7ce3e6fb81cb195c243549be72a6a24", size = 16096367 },
    { url = "https://files.pythonhosted.org/packages/55/aa/0ff1b80fcce28abb7ce53c1d3d14ebb28fb4206ca561480cb8b7d54163ad/mysql_connector_python-9.2.0-py2.py3-none-any.whl", hash = "sha256:d007c05a48fc076e5ac7ad3d76e332fa5b0e885853c2da80071ade2d6e01aba5", size = 398150 },
]

[[package]]
name = "rideshare"
version = "0.1.0"
source = { virtual = "." }
dependencies = [
    { name = "mysql-connector-python" },
    { name = "tabulate" },
]

[package.metadata]
requires-dist = [
    { name = "mysql-connector-python", specifier = ">=9.2.0" },
    { name = "tabulate", specifier = ">=0.9.0" },
]

[[package]]
name = "tabulate"
version = "0.9.0"
source = { registry = "https://pypi.org/simple" }
sdist = { url = "https://files.pythonhosted.org/packages/ec/fe/802052aecb21e3797b8f7902564ab6ea0d60ff8ca23952079064155d1ae1/tabulate-0.9.0.tar.gz", hash = "sha256:0095b12bf5966de529c0feb1fa08671671b3368eec77d7ef7ab114be2c068b3c", size = 81090 }
wheels = [
    { url = "https://files.pythonhosted.org/packages/40/44/4a5f08c96eb108af5cb50b41f76142f0afa346dfa99d5296fe7202a11854/tabulate-0.9.0-py3-none-any.whl", hash = "sha256:024ca478df22e9340661486f85298cff5f6dcdba14f3813e8830015b9ed1948f", size = 35252 },
]
